github.com/google/uuid v1.6.0 h1:NIvaJDMOsjHA8n1jAhLSgzrAzy1Hgr+hNrb57e+94F0=
github.com/google/uuid v1.6.0/go.mod h1:TIyPZe4MgqvfeYDBFedMoGGpEw/LqOeaOT+nhxU+yHo=
github.com/h2non/filetype v1.1.3 h1:FKkx9QbD7HR/zjK1Ia5XiBsq9zdLi5Kf3zGyFTAFkGg=
github.com/h2non/filetype v1.1.3/go.mod h1:319b3zT68BvV+WRj7cwy856M2ehB3HqNOt6sy1HndBY=
github.com/mattn/go-sqlite3 v1.14.45 h1:6KA/spDguL3KV8rnybG7ezSaE4SeMR3KC9VbUoAQaIk=
github.com/mattn/go-sqlite3 v1.14.45/go.mod h1:pjEuOr8IwzLJP2MfGeTb0A35jauH+C2kbHKBr7yXKVQ=
github.com/theobori/fleur v0.0.0-20260531211342-557b72faf45c h1:Vnc8Yq8d16opHuCNW5RI1+ADWlWUIOKAj0C3o6Ay5IU=
github.com/theobori/fleur v0.0.0-20260531211342-557b72faf45c/go.mod h1:T7TyKrl7UKWTxX2VUquyawyA3bARTd4nh4D5RaDvnlI=
github.com/theobori/fleur-form v0.0.0-20260604183650-25b298947e8e h1:XXZQVK6VVwHhIZ7MAbB2RZ9sAEYMO2/DDen0c/7Nl94=
github.com/theobori/fleur-form v0.0.0-20260604183650-25b298947e8e/go.mod h1:2WME3kNMOGC/grJ4O719MSYb0IYNyHoRfJIuqhQSyHE=
github.com/theobori/fleur-form v0.0.0-20260606141804-b2c821b9d32b h1:7WcLVwzCvTf03tVuBRi+ZGw4tSGFUthVcCZWHUVqQn0=
github.com/theobori/fleur-form v0.0.0-20260606141804-b2c821b9d32b/go.mod h1:2WME3kNMOGC/grJ4O719MSYb0IYNyHoRfJIuqhQSyHE=
